Microsoft Visual Studio Solution File, Format Version 12.00
# Visual Studio Version 17
VisualStudioVersion = 17.5.2.0
MinimumVisualStudioVersion = 10.0.40219.1
Project("{FAE04EC0-301F-11D3-BF4B-00C04F79EFBC}") = "ClientesService", "ClientesService\ClientesService.csproj", "{B8B86B2E-445E-558C-F281-4C6C20BDAB3D}"
EndProject
Project("{FAE04EC0-301F-11D3-BF4B-00C04F79EFBC}") = "ProductosService", "ProductosService\ProductosService.csproj", "{47CA8D63-1690-83DB-022F-22F2AA1AD7E1}"
EndProject
Project("{FAE04EC0-301F-11D3-BF4B-00C04F79EFBC}") = "VentasService", "VentasService\VentasService.csproj", "{28D318E2-6A10-6D34-EFDB-DA2319823187}"
EndProject
Global
	GlobalSection(SolutionConfigurationPlatforms) = preSolution
		Debug|Any CPU = Debug|Any CPU
		Release|Any CPU = Release|Any CPU
	EndGlobalSection
	GlobalSection(ProjectConfigurationPlatforms) = postSolution
		{B8B86B2E-445E-558C-F281-4C6C20BDAB3D}.Debug|Any CPU.ActiveCfg = Debug|Any CPU
		{B8B86B2E-445E-558C-F281-4C6C20BDAB3D}.Debug|Any CPU.Build.0 = Debug|Any CPU
		{B8B86B2E-445E-558C-F281-4C6C20BDAB3D}.Release|Any CPU.ActiveCfg = Release|Any CPU
		{B8B86B2E-445E-558C-F281-4C6C20BDAB3D}.Release|Any CPU.Build.0 = Release|Any CPU
		{47CA8D63-1690-83DB-022F-22F2AA1AD7E1}.Debug|Any CPU.ActiveCfg = Debug|Any CPU
		{47CA8D63-1690-83DB-022F-22F2AA1AD7E1}.Debug|Any CPU.Build.0 = Debug|Any CPU
		{47CA8D63-1690-83DB-022F-22F2AA1AD7E1}.Release|Any CPU.ActiveCfg = Release|Any CPU
		{47CA8D63-1690-83DB-022F-22F2AA1AD7E1}.Release|Any CPU.Build.0 = Release|Any CPU
		{28D318E2-6A10-6D34-EFDB-DA2319823187}.Debug|Any CPU.ActiveCfg = Debug|Any CPU
		{28D318E2-6A10-6D34-EFDB-DA2319823187}.Debug|Any CPU.Build.0 = Debug|Any CPU
		{28D318E2-6A10-6D34-EFDB-DA2319823187}.Release|Any CPU.ActiveCfg = Release|Any CPU
		{28D318E2-6A10-6D34-EFDB-DA2319823187}.Release|Any CPU.Build.0 = Release|Any CPU
	EndGlobalSection
	GlobalSection(SolutionProperties) = preSolution
		HideSolutionNode = FALSE
	EndGlobalSection
	GlobalSection(ExtensibilityGlobals) = postSolution
		SolutionGuid = {6F1F9FD5-B3DF-4BE8-883E-4CA7256792BB}
	EndGlobalSection
EndGlobal
